
Microsoft Visual Studio Solution File, Format Version 12.00
Project("{FAE04EC0-301F-11D3-BF4B-00C04F79EFBC}") = "HamedStack.MultiTenancy", "HamedStack.MultiTenancy\HamedStack.MultiTenancy.csproj", "{1EF25CA1-F536-4176-9E4B-9E3EF09F8C5D}"
EndProject
Global
	GlobalSection(SolutionConfigurationPlatforms) = preSolution
		Debug|Any CPU = Debug|Any CPU
		Release|Any CPU = Release|Any CPU
	EndGlobalSection
	GlobalSection(ProjectConfigurationPlatforms) = postSolution
		{1EF25CA1-F536-4176-9E4B-9E3EF09F8C5D}.Debug|Any CPU.ActiveCfg = Debug|Any CPU
		{1EF25CA1-F536-4176-9E4B-9E3EF09F8C5D}.Debug|Any CPU.Build.0 = Debug|Any CPU
		{1EF25CA1-F536-4176-9E4B-9E3EF09F8C5D}.Release|Any CPU.ActiveCfg = Release|Any CPU
		{1EF25CA1-F536-4176-9E4B-9E3EF09F8C5D}.Release|Any CPU.Build.0 = Release|Any CPU
	EndGlobalSection
EndGlobal
